{
  "name": "@covalent/dynamic-forms",
  "version": "0.0.0-COVALENT",
  "lockfileVersion": 1,
  "requires": true,
  "dependencies": {
    "@covalent/core": {
      "version": "1.0.0",
      "resolved": "https://registry.npmjs.org/@covalent/core/-/core-1.0.0.tgz",
      "integrity": "sha512-qUGL6CtyHNa3ttKGrvuQY0lJyQR9Dxp04vP0vrXmYrKapVbfYZ82qwJ2+PrX1EcWAQ6b/B2giFe0Q83ePin04g==",
      "requires": {
        "tslib": "1.9.0"
      }
    },
    "tslib": {
      "version": "1.9.0",
      "resolved": "https://registry.npmjs.org/tslib/-/tslib-1.9.0.tgz",
      "integrity": "sha512-f/qGG2tUkrISBlQZEjEqoZ3B2+npJjIf04H1wuAv9iA8i04Icp+61KRXxFdha22670NJopsZCIjhC3SnjPRKrQ=="
    }
  }
}
